# THIS IS AN AUTOGENERATED FILE. DO NOT EDIT THIS FILE DIRECTLY.
# yarn lockfile v1


react-native-device-info@^5.5.3:
  version "5.5.3"
  resolved "https://registry.yarnpkg.com/react-native-device-info/-/react-native-device-info-5.5.3.tgz#6652fb46c4602a1dd3a5d6a18d2266ecdf97fec7"
  integrity sha512-bzUVTPHca+FfNco1qaOM1+idoeII8zdpGRsR+RK+DWhwp9utHZWfbkonZZ9XFm/U+i3mirNxt6oaKV+vUMjMzg==

username-generator@^1.1.0:
  version "1.1.0"
  resolved "https://registry.yarnpkg.com/username-generator/-/username-generator-1.1.0.tgz#3b79405a8167e77e64df67c7a6f36fedceb6b0fc"
  integrity sha512-2hpbjhJ9/DJdrPajdeJ2nQ1v9sNLT3IaLGhejd9GbrVMCGZMc3h2Ug6qUlIKjDkRUT0HsozXYboaypxo94OYfw==
